
Microsoft Visual Studio Solution File, Format Version 12.00
Project("{FAE04EC0-301F-11D3-BF4B-00C04F79EFBC}") = "PsdParser", "PsdParser\PsdParser.csproj", "{FAB670E4-6CBE-4B4B-97BD-D9342F804DB5}"
EndProject
Global
	GlobalSection(SolutionConfigurationPlatforms) = preSolution
		Debug|Any CPU = Debug|Any CPU
		Release|Any CPU = Release|Any CPU
	EndGlobalSection
	GlobalSection(ProjectConfigurationPlatforms) = postSolution
		{FAB670E4-6CBE-4B4B-97BD-D9342F804DB5}.Debug|Any CPU.ActiveCfg = Debug|Any CPU
		{FAB670E4-6CBE-4B4B-97BD-D9342F804DB5}.Debug|Any CPU.Build.0 = Debug|Any CPU
		{FAB670E4-6CBE-4B4B-97BD-D9342F804DB5}.Release|Any CPU.ActiveCfg = Release|Any CPU
		{FAB670E4-6CBE-4B4B-97BD-D9342F804DB5}.Release|Any CPU.Build.0 = Release|Any CPU
	EndGlobalSection
EndGlobal
